# THIS IS AN AUTOGENERATED FILE. DO NOT EDIT THIS FILE DIRECTLY.
# yarn lockfile v1


"@tonclient/core@^1.7.0":
  version "1.7.0"
  resolved "https://registry.yarnpkg.com/@tonclient/core/-/core-1.7.0.tgz#9e76e43166517e588d5183c9a9f2152a254e288f"
  integrity sha512-bxK4NzwhqtB5eTlUiuO1syloDT6xkWaYAmezAcSUKWRojGzUDZm5dIZr33CbgBPkcLyUZT590guaAGCuMrIh8w==

"@tonclient/lib-node@^1.7.0":
  version "1.7.0"
  resolved "https://registry.yarnpkg.com/@tonclient/lib-node/-/lib-node-1.7.0.tgz#73d3ddeb16cf497b25b6c44479be2822b18222e2"
  integrity sha512-Ibt1jJpt6DVL3hMS4CNmxj4wBedSd5X/2wbthvbLmkte0dvl8nXUxSWMcUjGWzkrQXG6vIfxpYcIpQ9CF2AggQ==
